{
    "_readme": [
        "This file locks the dependencies of your project to a known state",
        "Read more about it at https://getcomposer.org/doc/01-basic-usage.md#installing-dependencies",
        "This file is @generated automatically"
    ],
    "content-hash": "ef5f2a3654742efbc3ad203c13ac8294",
    "packages": [
        {
            "name": "danieltm/origins",
            "version": "V2.0.1",
            "source": {
                "type": "git",
                "url": "https://github.com/DanielTM999/origins.git",
                "reference": "fa6e434b3fe684c772ae3e1f843d1339e72caa3b"
            },
            "dist": {
                "type": "zip",
                "url": "https://api.github.com/repos/DanielTM999/origins/zipball/fa6e434b3fe684c772ae3e1f843d1339e72caa3b",
                "reference": "fa6e434b3fe684c772ae3e1f843d1339e72caa3b",
                "shasum": ""
            },
            "require": {
                "php": "^8.0"
            },
            "type": "library",
            "autoload": {
                "psr-4": {
                    "Daniel\\Origins\\": "src/"
                }
            },
            "notification-url": "https://packagist.org/downloads/",
            "license": [
                "MIT"
            ],
            "authors": [
                {
                    "name": "Daniel Teixeira Melo"
                }
            ],
            "support": {
                "issues": "https://github.com/DanielTM999/origins/issues",
                "source": "https://github.com/DanielTM999/origins/tree/V2.0.1"
            },
            "time": "2025-08-03T03:17:53+00:00"
        }
    ],
    "packages-dev": [],
    "aliases": [],
    "minimum-stability": "stable",
    "stability-flags": [],
    "prefer-stable": false,
    "prefer-lowest": false,
    "platform": [],
    "platform-dev": [],
    "plugin-api-version": "2.6.0"
}
