{
    "_readme": [
        "This file locks the dependencies of your project to a known state",
        "Read more about it at https://getcomposer.org/doc/01-basic-usage.md#installing-dependencies",
        "This file is @generated automatically"
    ],
    "content-hash": "14ec3a37b946b4499ee5946fb9d1cdf9",
    "packages": [
        {
            "name": "danieltm/origins",
            "version": "V1.5.1",
            "source": {
                "type": "git",
                "url": "https://github.com/DanielTM999/origins.git",
                "reference": "943fe5ed18707417401b30d39a01909e9b518327"
            },
            "dist": {
                "type": "zip",
                "url": "https://api.github.com/repos/DanielTM999/origins/zipball/943fe5ed18707417401b30d39a01909e9b518327",
                "reference": "943fe5ed18707417401b30d39a01909e9b518327",
                "shasum": ""
            },
            "require": {
                "php": "^8.0"
            },
            "type": "library",
            "autoload": {
                "psr-4": {
                    "Daniel\\Origins\\": "src/"
                }
            },
            "notification-url": "https://packagist.org/downloads/",
            "license": [
                "MIT"
            ],
            "authors": [
                {
                    "name": "Daniel Teixeira Melo"
                }
            ],
            "support": {
                "issues": "https://github.com/DanielTM999/origins/issues",
                "source": "https://github.com/DanielTM999/origins/tree/V1.5.1"
            },
            "time": "2024-09-16T18:03:03+00:00"
        }
    ],
    "packages-dev": [],
    "aliases": [],
    "minimum-stability": "stable",
    "stability-flags": [],
    "prefer-stable": false,
    "prefer-lowest": false,
    "platform": [],
    "platform-dev": [],
    "plugin-api-version": "2.6.0"
}
